
Microsoft Visual Studio Solution File, Format Version 12.00
# Visual Studio 15
VisualStudioVersion = 15.0.28307.1585
MinimumVisualStudioVersion = 10.0.40219.1
Project("{FAE04EC0-301F-11D3-BF4B-00C04F79EFBC}") = "2022PersonalSite", "2022PersonalSite\2022PersonalSite.csproj", "{0DFA957B-1ACA-4F23-B6F5-DC47F16E06D4}"
EndProject
Global
	GlobalSection(SolutionConfigurationPlatforms) = preSolution
		Debug|Any CPU = Debug|Any CPU
		Release|Any CPU = Release|Any CPU
	EndGlobalSection
	GlobalSection(ProjectConfigurationPlatforms) = postSolution
		{0DFA957B-1ACA-4F23-B6F5-DC47F16E06D4}.Debug|Any CPU.ActiveCfg = Debug|Any CPU
		{0DFA957B-1ACA-4F23-B6F5-DC47F16E06D4}.Debug|Any CPU.Build.0 = Debug|Any CPU
		{0DFA957B-1ACA-4F23-B6F5-DC47F16E06D4}.Release|Any CPU.ActiveCfg = Release|Any CPU
		{0DFA957B-1ACA-4F23-B6F5-DC47F16E06D4}.Release|Any CPU.Build.0 = Release|Any CPU
	EndGlobalSection
	GlobalSection(SolutionProperties) = preSolution
		HideSolutionNode = FALSE
	EndGlobalSection
	GlobalSection(ExtensibilityGlobals) = postSolution
		SolutionGuid = {1A5D7B62-DC92-4F54-A517-1F4A8F956C17}
	EndGlobalSection
EndGlobal
